<?xml version="1.0" encoding="utf-8"?>
<Project ToolsVersion="15.0" xmlns="http://schemas.microsoft.com/developer/msbuild/2003">
  <ItemGroup>
    <Filter Include="Source Files">
      <UniqueIdentifier>{B1F27843-FECA-1BAD-4AE4-D4075E644AE6}</UniqueIdentifier>
      <Extensions>cpp;cxx;cc;c;C</Extensions>
    </Filter>
    <Filter Include="Header Files">
      <UniqueIdentifier>{06319535-FECA-1BAD-4AE4-D4075E644AE6}</UniqueIdentifier>
      <Extensions>h;hpp;hxx;hh</Extensions>
    </Filter>
    <Filter Include="Build Files">
      <UniqueIdentifier>{A1909F1C-FECA-1BAD-4AE4-D4075E644AE6}</UniqueIdentifier>
      <Extensions>mpc;mpb;mwc</Extensions>
    </Filter>
    <Filter Include="Test Files">
      <UniqueIdentifier>{4190FD01-FECA-1BAD-4AE4-D4075E644AE6}</UniqueIdentifier>
    </Filter>
    <Filter Include="Idl Files">
      <UniqueIdentifier>{2990FA4C-FECA-1BAD-4AE4-D4075E644AE6}</UniqueIdentifier>
      <Extensions>idl</Extensions>
    </Filter>
    <Filter Include="Typesupport And Idl Files">
      <UniqueIdentifier>{9E235CA7-FECA-1BAD-4AE4-D4075E644AE6}</UniqueIdentifier>
      <Extensions>idl</Extensions>
    </Filter>
    <Filter Include="Inline Files">
      <UniqueIdentifier>{763028EF-FECA-1BAD-4AE4-D4075E644AE6}</UniqueIdentifier>
      <Extensions>i;ipp;inl</Extensions>
    </Filter>
  </ItemGroup>
  <ItemGroup>
    <ClCompile Include="Publisher.cpp">
      <Filter>Source Files</Filter>
    </ClCompile>
    <ClCompile Include="S02_ChatRoomC.cpp">
      <Filter>Source Files</Filter>
    </ClCompile>
    <ClCompile Include="S02_ChatRoomS.cpp">
      <Filter>Source Files</Filter>
    </ClCompile>
    <ClCompile Include="S02_ChatRoomTypeSupportC.cpp">
      <Filter>Source Files</Filter>
    </ClCompile>
    <ClCompile Include="S02_ChatRoomTypeSupportImpl.cpp">
      <Filter>Source Files</Filter>
    </ClCompile>
    <ClCompile Include="S02_ChatRoomTypeSupportS.cpp">
      <Filter>Source Files</Filter>
    </ClCompile>
  </ItemGroup>
  <ItemGroup>
    <ClInclude Include="S02_ChatRoomC.h">
      <Filter>Header Files</Filter>
    </ClInclude>
    <ClInclude Include="S02_ChatRoomS.h">
      <Filter>Header Files</Filter>
    </ClInclude>
    <ClInclude Include="S02_ChatRoomTypeSupportC.h">
      <Filter>Header Files</Filter>
    </ClInclude>
    <ClInclude Include="S02_ChatRoomTypeSupportImpl.h">
      <Filter>Header Files</Filter>
    </ClInclude>
    <ClInclude Include="S02_ChatRoomTypeSupportS.h">
      <Filter>Header Files</Filter>
    </ClInclude>
  </ItemGroup>
  <ItemGroup>
    <None Include="S02_ChatRoom.mpc">
      <Filter>Build Files</Filter>
    </None>
  </ItemGroup>
  <ItemGroup>
    <None Include="run_test.pl">
      <Filter>Test Files</Filter>
    </None>
  </ItemGroup>
  <ItemGroup>
    <CustomBuild Include="S02_ChatRoomTypeSupport.idl">
      <Filter>Idl Files</Filter>
    </CustomBuild>
  </ItemGroup>
  <ItemGroup>
    <CustomBuild Include="S02_ChatRoom.idl">
      <Filter>Typesupport And Idl Files</Filter>
    </CustomBuild>
  </ItemGroup>
  <ItemGroup>
    <None Include="S02_ChatRoomC.inl">
      <Filter>Inline Files</Filter>
    </None>
    <None Include="S02_ChatRoomTypeSupportC.inl">
      <Filter>Inline Files</Filter>
    </None>
  </ItemGroup>
</Project>
